<?xml version="1.0" encoding="utf-8"?>
<Project ToolsVersion="4.0" xmlns="http://schemas.microsoft.com/developer/msbuild/2003">
  <ItemGroup>
    <Filter Include="ソース ファイル">
      <UniqueIdentifier>{4FC737F1-C7A5-4376-A066-2A32D752A2FF}</UniqueIdentifier>
      <Extensions>cpp;c;cc;cxx;def;odl;idl;hpj;bat;asm;asmx</Extensions>
    </Filter>
    <Filter Include="ヘッダー ファイル">
      <UniqueIdentifier>{93995380-89BD-4b04-88EB-625FBE52EBFB}</UniqueIdentifier>
      <Extensions>h;hh;hpp;hxx;hm;inl;inc;xsd</Extensions>
    </Filter>
    <Filter Include="リソース ファイル">
      <UniqueIdentifier>{67DA6AB6-F800-4c08-8B7A-83BB121AAD01}</UniqueIdentifier>
      <Extensions>rc;ico;cur;bmp;dlg;rc2;rct;bin;rgs;gif;jpg;jpeg;jpe;resx;tiff;tif;png;wav;mfcribbon-ms</Extensions>
    </Filter>
    <Filter Include="ソース ファイル\Apery">
      <UniqueIdentifier>{296e2d67-d76c-43e7-827f-0654a48eda83}</UniqueIdentifier>
    </Filter>
    <Filter Include="ヘッダー ファイル\Apery">
      <UniqueIdentifier>{fecd0125-dc3e-4caa-ad76-72d7aa516f47}</UniqueIdentifier>
    </Filter>
  </ItemGroup>
  <ItemGroup>
    <ClInclude Include="src\bitboard.hpp">
      <Filter>ヘッダー ファイル\Apery</Filter>
    </ClInclude>
    <ClInclude Include="src\book.hpp">
      <Filter>ヘッダー ファイル\Apery</Filter>
    </ClInclude>
    <ClInclude Include="src\color.hpp">
      <Filter>ヘッダー ファイル\Apery</Filter>
    </ClInclude>
    <ClInclude Include="src\common.hpp">
      <Filter>ヘッダー ファイル\Apery</Filter>
    </ClInclude>
    <ClInclude Include="src\generateMoves.hpp">
      <Filter>ヘッダー ファイル\Apery</Filter>
    </ClInclude>
    <ClInclude Include="src\hand.hpp">
      <Filter>ヘッダー ファイル\Apery</Filter>
    </ClInclude>
    <ClInclude Include="src\ifdef.hpp">
      <Filter>ヘッダー ファイル\Apery</Filter>
    </ClInclude>
    <ClInclude Include="src\init.hpp">
      <Filter>ヘッダー ファイル\Apery</Filter>
    </ClInclude>
    <ClInclude Include="src\move.hpp">
      <Filter>ヘッダー ファイル\Apery</Filter>
    </ClInclude>
    <ClInclude Include="src\mt64bit.hpp">
      <Filter>ヘッダー ファイル\Apery</Filter>
    </ClInclude>
    <ClInclude Include="src\overloadEnumOperators.hpp">
      <Filter>ヘッダー ファイル\Apery</Filter>
    </ClInclude>
    <ClInclude Include="src\piece.hpp">
      <Filter>ヘッダー ファイル\Apery</Filter>
    </ClInclude>
    <ClInclude Include="src\position.hpp">
      <Filter>ヘッダー ファイル\Apery</Filter>
    </ClInclude>
    <ClInclude Include="src\square.hpp">
      <Filter>ヘッダー ファイル\Apery</Filter>
    </ClInclude>
    <ClInclude Include="src\usi.hpp">
      <Filter>ヘッダー ファイル\Apery</Filter>
    </ClInclude>
    <ClInclude Include="src\cshogi.h">
      <Filter>ヘッダー ファイル</Filter>
    </ClInclude>
    <ClInclude Include="src\parser.h">
      <Filter>ヘッダー ファイル</Filter>
    </ClInclude>
    <ClInclude Include="src\mate.h">
      <Filter>ヘッダー ファイル</Filter>
    </ClInclude>
    <ClInclude Include="src\dfpn.h">
      <Filter>ヘッダー ファイル</Filter>
    </ClInclude>
  </ItemGroup>
  <ItemGroup>
    <ClCompile Include="src\bitboard.cpp">
      <Filter>ソース ファイル\Apery</Filter>
    </ClCompile>
    <ClCompile Include="src\book.cpp">
      <Filter>ソース ファイル\Apery</Filter>
    </ClCompile>
    <ClCompile Include="src\common.cpp">
      <Filter>ソース ファイル\Apery</Filter>
    </ClCompile>
    <ClCompile Include="src\generateMoves.cpp">
      <Filter>ソース ファイル\Apery</Filter>
    </ClCompile>
    <ClCompile Include="src\hand.cpp">
      <Filter>ソース ファイル\Apery</Filter>
    </ClCompile>
    <ClCompile Include="src\init.cpp">
      <Filter>ソース ファイル\Apery</Filter>
    </ClCompile>
    <ClCompile Include="src\move.cpp">
      <Filter>ソース ファイル\Apery</Filter>
    </ClCompile>
    <ClCompile Include="src\mt64bit.cpp">
      <Filter>ソース ファイル\Apery</Filter>
    </ClCompile>
    <ClCompile Include="src\position.cpp">
      <Filter>ソース ファイル\Apery</Filter>
    </ClCompile>
    <ClCompile Include="src\search.cpp">
      <Filter>ソース ファイル\Apery</Filter>
    </ClCompile>
    <ClCompile Include="src\square.cpp">
      <Filter>ソース ファイル\Apery</Filter>
    </ClCompile>
    <ClCompile Include="src\usi.cpp">
      <Filter>ソース ファイル\Apery</Filter>
    </ClCompile>
    <ClCompile Include="src\mate.cpp">
      <Filter>ソース ファイル</Filter>
    </ClCompile>
    <ClCompile Include="src\dfpn.cpp">
      <Filter>ソース ファイル</Filter>
    </ClCompile>
  </ItemGroup>
</Project>